
Microsoft Visual Studio Solution File, Format Version 12.00
# Visual Studio 15
VisualStudioVersion = 15.0.28010.2036
MinimumVisualStudioVersion = 10.0.40219.1
Project("{FAE04EC0-301F-11D3-BF4B-00C04F79EFBC}") = "VesoQuanli", "VesoQuanli\VesoQuanli.csproj", "{C27E6820-79DC-4D70-98F0-FB4DFFDF3AA4}"
EndProject
Global
	GlobalSection(SolutionConfigurationPlatforms) = preSolution
		Debug|Any CPU = Debug|Any CPU
		Release|Any CPU = Release|Any CPU
	EndGlobalSection
	GlobalSection(ProjectConfigurationPlatforms) = postSolution
		{C27E6820-79DC-4D70-98F0-FB4DFFDF3AA4}.Debug|Any CPU.ActiveCfg = Debug|Any CPU
		{C27E6820-79DC-4D70-98F0-FB4DFFDF3AA4}.Debug|Any CPU.Build.0 = Debug|Any CPU
		{C27E6820-79DC-4D70-98F0-FB4DFFDF3AA4}.Release|Any CPU.ActiveCfg = Release|Any CPU
		{C27E6820-79DC-4D70-98F0-FB4DFFDF3AA4}.Release|Any CPU.Build.0 = Release|Any CPU
	EndGlobalSection
	GlobalSection(SolutionProperties) = preSolution
		HideSolutionNode = FALSE
	EndGlobalSection
	GlobalSection(ExtensibilityGlobals) = postSolution
		SolutionGuid = {65882518-74C9-47C6-AEE7-1C277BD6C599}
	EndGlobalSection
EndGlobal
